
Microsoft Visual Studio Solution File, Format Version 12.00
# Visual Studio Version 17
VisualStudioVersion = 17.12.35527.113
MinimumVisualStudioVersion = 10.0.40219.1
Project("{2150E333-8FDC-42A3-9474-1A3956D46DE8}") = "src", "src", "{0999CCBF-0945-41C6-9E4E-421F40B40C80}"
EndProject
Project("{2150E333-8FDC-42A3-9474-1A3956D46DE8}") = "01-Domain", "01-Domain", "{2A3621C8-C635-470B-A57D-9B6F8C05B88E}"
EndProject
Project("{2150E333-8FDC-42A3-9474-1A3956D46DE8}") = "02-Infrastructures", "02-Infrastructures", "{B6A79592-C127-4E2E-AF99-18016364055A}"
EndProject
Project("{2150E333-8FDC-42A3-9474-1A3956D46DE8}") = "03-EndPoint", "03-EndPoint", "{4BD2A4F7-962A-4106-9B11-00EDF7DE9BD9}"
EndProject
Project("{2150E333-8FDC-42A3-9474-1A3956D46DE8}") = "Core", "Core", "{3AB84E05-0808-44FA-A4F6-D9A9AB7B1F03}"
EndProject
Project("{2150E333-8FDC-42A3-9474-1A3956D46DE8}") = "Service", "Service", "{EE7D94D8-55D0-4896-AEB0-1EE68EBBA239}"
EndProject
Project("{FAE04EC0-301F-11D3-BF4B-00C04F79EFBC}") = "App.Domain.AppServices", "App.Domain.AppServices\App.Domain.AppServices.csproj", "{504639F0-3787-423A-8C5E-9D8AC615E3A7}"
EndProject
Project("{FAE04EC0-301F-11D3-BF4B-00C04F79EFBC}") = "App.Domain.Services", "App.Domain.Services\App.Domain.Services.csproj", "{4F1B9BAB-65DA-4E80-9586-0DA5131D2EF2}"
EndProject
Project("{FAE04EC0-301F-11D3-BF4B-00C04F79EFBC}") = "App.Domain.Core", "App.Domain.Core\App.Domain.Core.csproj", "{13FBDE81-4803-41E7-ACE8-07A20BE98664}"
EndProject
Project("{2150E333-8FDC-42A3-9474-1A3956D46DE8}") = "DataAccess", "DataAccess", "{1A18BA25-5DFB-42B8-84A0-178C08155D0E}"
EndProject
Project("{2150E333-8FDC-42A3-9474-1A3956D46DE8}") = "Db", "Db", "{6E9FEAAA-F372-4086-8449-D9BF5AD00940}"
EndProject
Project("{FAE04EC0-301F-11D3-BF4B-00C04F79EFBC}") = "App.Infra.Data.Repos.Ef", "App.Infra.Data.Repos.Ef\App.Infra.Data.Repos.Ef.csproj", "{4F9EFCE6-CA55-4DFF-97CD-659D48437B17}"
EndProject
Project("{FAE04EC0-301F-11D3-BF4B-00C04F79EFBC}") = "App.Infra.Data.Db.SqlServer.Ef", "App.Infra.Data.Db.SqlServer.Ef\App.Infra.Data.Db.SqlServer.Ef.csproj", "{72D01E5F-134F-435E-BBCD-6699F18CA498}"
EndProject
Project("{FAE04EC0-301F-11D3-BF4B-00C04F79EFBC}") = "Hw20.Endpoints.Mvc", "Hw20.Endpoints.Mvc\Hw20.Endpoints.Mvc.csproj", "{70B5D455-FF99-4B6D-9112-C362DFEF33ED}"
EndProject
Project("{FAE04EC0-301F-11D3-BF4B-00C04F79EFBC}") = "App.Infra.Data.Db.Storage.Memory", "App.Infra.Data.Db.Storage.Memory\App.Infra.Data.Db.Storage.Memory.csproj", "{2F6B58E2-C57A-4824-AD3C-42BC7216DFF1}"
EndProject
Project("{FAE04EC0-301F-11D3-BF4B-00C04F79EFBC}") = "Hw20.Endpoints.Api", "Hw20.Endpoints.Api\Hw20.Endpoints.Api.csproj", "{97500554-71E7-4D95-924C-68DF0B5C1245}"
EndProject
Global
	GlobalSection(SolutionConfigurationPlatforms) = preSolution
		Debug|Any CPU = Debug|Any CPU
		Release|Any CPU = Release|Any CPU
	EndGlobalSection
	GlobalSection(ProjectConfigurationPlatforms) = postSolution
		{504639F0-3787-423A-8C5E-9D8AC615E3A7}.Debug|Any CPU.ActiveCfg = Debug|Any CPU
		{504639F0-3787-423A-8C5E-9D8AC615E3A7}.Debug|Any CPU.Build.0 = Debug|Any CPU
		{504639F0-3787-423A-8C5E-9D8AC615E3A7}.Release|Any CPU.ActiveCfg = Release|Any CPU
		{504639F0-3787-423A-8C5E-9D8AC615E3A7}.Release|Any CPU.Build.0 = Release|Any CPU
		{4F1B9BAB-65DA-4E80-9586-0DA5131D2EF2}.Debug|Any CPU.ActiveCfg = Debug|Any CPU
		{4F1B9BAB-65DA-4E80-9586-0DA5131D2EF2}.Debug|Any CPU.Build.0 = Debug|Any CPU
		{4F1B9BAB-65DA-4E80-9586-0DA5131D2EF2}.Release|Any CPU.ActiveCfg = Release|Any CPU
		{4F1B9BAB-65DA-4E80-9586-0DA5131D2EF2}.Release|Any CPU.Build.0 = Release|Any CPU
		{13FBDE81-4803-41E7-ACE8-07A20BE98664}.Debug|Any CPU.ActiveCfg = Debug|Any CPU
		{13FBDE81-4803-41E7-ACE8-07A20BE98664}.Debug|Any CPU.Build.0 = Debug|Any CPU
		{13FBDE81-4803-41E7-ACE8-07A20BE98664}.Release|Any CPU.ActiveCfg = Release|Any CPU
		{13FBDE81-4803-41E7-ACE8-07A20BE98664}.Release|Any CPU.Build.0 = Release|Any CPU
		{4F9EFCE6-CA55-4DFF-97CD-659D48437B17}.Debug|Any CPU.ActiveCfg = Debug|Any CPU
		{4F9EFCE6-CA55-4DFF-97CD-659D48437B17}.Debug|Any CPU.Build.0 = Debug|Any CPU
		{4F9EFCE6-CA55-4DFF-97CD-659D48437B17}.Release|Any CPU.ActiveCfg = Release|Any CPU
		{4F9EFCE6-CA55-4DFF-97CD-659D48437B17}.Release|Any CPU.Build.0 = Release|Any CPU
		{72D01E5F-134F-435E-BBCD-6699F18CA498}.Debug|Any CPU.ActiveCfg = Debug|Any CPU
		{72D01E5F-134F-435E-BBCD-6699F18CA498}.Debug|Any CPU.Build.0 = Debug|Any CPU
		{72D01E5F-134F-435E-BBCD-6699F18CA498}.Release|Any CPU.ActiveCfg = Release|Any CPU
		{72D01E5F-134F-435E-BBCD-6699F18CA498}.Release|Any CPU.Build.0 = Release|Any CPU
		{70B5D455-FF99-4B6D-9112-C362DFEF33ED}.Debug|Any CPU.ActiveCfg = Debug|Any CPU
		{70B5D455-FF99-4B6D-9112-C362DFEF33ED}.Debug|Any CPU.Build.0 = Debug|Any CPU
		{70B5D455-FF99-4B6D-9112-C362DFEF33ED}.Release|Any CPU.ActiveCfg = Release|Any CPU
		{70B5D455-FF99-4B6D-9112-C362DFEF33ED}.Release|Any CPU.Build.0 = Release|Any CPU
		{2F6B58E2-C57A-4824-AD3C-42BC7216DFF1}.Debug|Any CPU.ActiveCfg = Debug|Any CPU
		{2F6B58E2-C57A-4824-AD3C-42BC7216DFF1}.Debug|Any CPU.Build.0 = Debug|Any CPU
		{2F6B58E2-C57A-4824-AD3C-42BC7216DFF1}.Release|Any CPU.ActiveCfg = Release|Any CPU
		{2F6B58E2-C57A-4824-AD3C-42BC7216DFF1}.Release|Any CPU.Build.0 = Release|Any CPU
		{97500554-71E7-4D95-924C-68DF0B5C1245}.Debug|Any CPU.ActiveCfg = Debug|Any CPU
		{97500554-71E7-4D95-924C-68DF0B5C1245}.Debug|Any CPU.Build.0 = Debug|Any CPU
		{97500554-71E7-4D95-924C-68DF0B5C1245}.Release|Any CPU.ActiveCfg = Release|Any CPU
		{97500554-71E7-4D95-924C-68DF0B5C1245}.Release|Any CPU.Build.0 = Release|Any CPU
	EndGlobalSection
	GlobalSection(SolutionProperties) = preSolution
		HideSolutionNode = FALSE
	EndGlobalSection
	GlobalSection(NestedProjects) = preSolution
		{2A3621C8-C635-470B-A57D-9B6F8C05B88E} = {0999CCBF-0945-41C6-9E4E-421F40B40C80}
		{B6A79592-C127-4E2E-AF99-18016364055A} = {0999CCBF-0945-41C6-9E4E-421F40B40C80}
		{4BD2A4F7-962A-4106-9B11-00EDF7DE9BD9} = {0999CCBF-0945-41C6-9E4E-421F40B40C80}
		{3AB84E05-0808-44FA-A4F6-D9A9AB7B1F03} = {2A3621C8-C635-470B-A57D-9B6F8C05B88E}
		{EE7D94D8-55D0-4896-AEB0-1EE68EBBA239} = {2A3621C8-C635-470B-A57D-9B6F8C05B88E}
		{504639F0-3787-423A-8C5E-9D8AC615E3A7} = {EE7D94D8-55D0-4896-AEB0-1EE68EBBA239}
		{4F1B9BAB-65DA-4E80-9586-0DA5131D2EF2} = {EE7D94D8-55D0-4896-AEB0-1EE68EBBA239}
		{13FBDE81-4803-41E7-ACE8-07A20BE98664} = {3AB84E05-0808-44FA-A4F6-D9A9AB7B1F03}
		{1A18BA25-5DFB-42B8-84A0-178C08155D0E} = {B6A79592-C127-4E2E-AF99-18016364055A}
		{6E9FEAAA-F372-4086-8449-D9BF5AD00940} = {B6A79592-C127-4E2E-AF99-18016364055A}
		{4F9EFCE6-CA55-4DFF-97CD-659D48437B17} = {1A18BA25-5DFB-42B8-84A0-178C08155D0E}
		{72D01E5F-134F-435E-BBCD-6699F18CA498} = {6E9FEAAA-F372-4086-8449-D9BF5AD00940}
		{70B5D455-FF99-4B6D-9112-C362DFEF33ED} = {4BD2A4F7-962A-4106-9B11-00EDF7DE9BD9}
		{2F6B58E2-C57A-4824-AD3C-42BC7216DFF1} = {1A18BA25-5DFB-42B8-84A0-178C08155D0E}
		{97500554-71E7-4D95-924C-68DF0B5C1245} = {4BD2A4F7-962A-4106-9B11-00EDF7DE9BD9}
	EndGlobalSection
EndGlobal
